
Microsoft Visual Studio Solution File, Format Version 12.00
# Visual Studio Version 17
VisualStudioVersion = 17.14.37614.0
MinimumVisualStudioVersion = 10.0.40219.1
Project("{FAE04EC0-301F-11D3-BF4B-00C04F79EFBC}") = "M.API", "M.API\M.API.csproj", "{0C147D36-52A5-47E3-AF15-586B399AF88A}"
EndProject
Project("{2150E333-8FDC-42A3-9474-1A3956D46DE8}") = "1. API", "1. API", "{02EA681E-C7D8-13C7-8484-4AC65E1B71E8}"
EndProject
Project("{2150E333-8FDC-42A3-9474-1A3956D46DE8}") = "2. SERVICE", "2. SERVICE", "{5D729DB6-608D-4722-886A-C524911232D2}"
EndProject
Project("{2150E333-8FDC-42A3-9474-1A3956D46DE8}") = "3. REPOSITORY", "3. REPOSITORY", "{F81E0D16-7458-4654-8825-BCB9A3DB315B}"
EndProject
Project("{2150E333-8FDC-42A3-9474-1A3956D46DE8}") = "4. BASE", "4. BASE", "{7BB2C9AE-B96D-4D99-BF2A-3F36AF2D7FBB}"
EndProject
Project("{FAE04EC0-301F-11D3-BF4B-00C04F79EFBC}") = "M.Core", "M.Core\M.Core.csproj", "{19A9E025-7A35-46E8-8C96-9DF86307F2DF}"
EndProject
Project("{FAE04EC0-301F-11D3-BF4B-00C04F79EFBC}") = "M.Repositories", "M.Repositories\M.Repositories.csproj", "{A4A24C92-0F61-4C01-B859-64C317098740}"
EndProject
Project("{FAE04EC0-301F-11D3-BF4B-00C04F79EFBC}") = "M.Services", "M.Services\M.Services.csproj", "{FA87C8DA-81C2-4CF2-AD15-C1A080CF6DEE}"
EndProject
Project("{FAE04EC0-301F-11D3-BF4B-00C04F79EFBC}") = "M.Contract.Serivces", "M.Contract.Serivces\M.Contract.Serivces.csproj", "{CB32CD28-36A1-4620-8D81-E27ED66ADBD3}"
EndProject
Project("{FAE04EC0-301F-11D3-BF4B-00C04F79EFBC}") = "M.ModelViews", "M.ModelViews\M.ModelViews.csproj", "{3BC11E5D-131E-4E50-B842-38AE4EC118C1}"
EndProject
Project("{FAE04EC0-301F-11D3-BF4B-00C04F79EFBC}") = "M.Contract.Repositories", "M.Contract.Repositories\M.Contract.Repositories.csproj", "{55CFC574-F361-8AB5-1ACC-D258D06B4BFD}"
EndProject
Global
	GlobalSection(SolutionConfigurationPlatforms) = preSolution
		Debug|Any CPU = Debug|Any CPU
		Release|Any CPU = Release|Any CPU
	EndGlobalSection
	GlobalSection(ProjectConfigurationPlatforms) = postSolution
		{0C147D36-52A5-47E3-AF15-586B399AF88A}.Debug|Any CPU.ActiveCfg = Debug|Any CPU
		{0C147D36-52A5-47E3-AF15-586B399AF88A}.Debug|Any CPU.Build.0 = Debug|Any CPU
		{0C147D36-52A5-47E3-AF15-586B399AF88A}.Release|Any CPU.ActiveCfg = Release|Any CPU
		{0C147D36-52A5-47E3-AF15-586B399AF88A}.Release|Any CPU.Build.0 = Release|Any CPU
		{19A9E025-7A35-46E8-8C96-9DF86307F2DF}.Debug|Any CPU.ActiveCfg = Debug|Any CPU
		{19A9E025-7A35-46E8-8C96-9DF86307F2DF}.Debug|Any CPU.Build.0 = Debug|Any CPU
		{19A9E025-7A35-46E8-8C96-9DF86307F2DF}.Release|Any CPU.ActiveCfg = Release|Any CPU
		{19A9E025-7A35-46E8-8C96-9DF86307F2DF}.Release|Any CPU.Build.0 = Release|Any CPU
		{A4A24C92-0F61-4C01-B859-64C317098740}.Debug|Any CPU.ActiveCfg = Debug|Any CPU
		{A4A24C92-0F61-4C01-B859-64C317098740}.Debug|Any CPU.Build.0 = Debug|Any CPU
		{A4A24C92-0F61-4C01-B859-64C317098740}.Release|Any CPU.ActiveCfg = Release|Any CPU
		{A4A24C92-0F61-4C01-B859-64C317098740}.Release|Any CPU.Build.0 = Release|Any CPU
		{FA87C8DA-81C2-4CF2-AD15-C1A080CF6DEE}.Debug|Any CPU.ActiveCfg = Debug|Any CPU
		{FA87C8DA-81C2-4CF2-AD15-C1A080CF6DEE}.Debug|Any CPU.Build.0 = Debug|Any CPU
		{FA87C8DA-81C2-4CF2-AD15-C1A080CF6DEE}.Release|Any CPU.ActiveCfg = Release|Any CPU
		{FA87C8DA-81C2-4CF2-AD15-C1A080CF6DEE}.Release|Any CPU.Build.0 = Release|Any CPU
		{CB32CD28-36A1-4620-8D81-E27ED66ADBD3}.Debug|Any CPU.ActiveCfg = Debug|Any CPU
		{CB32CD28-36A1-4620-8D81-E27ED66ADBD3}.Debug|Any CPU.Build.0 = Debug|Any CPU
		{CB32CD28-36A1-4620-8D81-E27ED66ADBD3}.Release|Any CPU.ActiveCfg = Release|Any CPU
		{CB32CD28-36A1-4620-8D81-E27ED66ADBD3}.Release|Any CPU.Build.0 = Release|Any CPU
		{3BC11E5D-131E-4E50-B842-38AE4EC118C1}.Debug|Any CPU.ActiveCfg = Debug|Any CPU
		{3BC11E5D-131E-4E50-B842-38AE4EC118C1}.Debug|Any CPU.Build.0 = Debug|Any CPU
		{3BC11E5D-131E-4E50-B842-38AE4EC118C1}.Release|Any CPU.ActiveCfg = Release|Any CPU
		{3BC11E5D-131E-4E50-B842-38AE4EC118C1}.Release|Any CPU.Build.0 = Release|Any CPU
		{55CFC574-F361-8AB5-1ACC-D258D06B4BFD}.Debug|Any CPU.ActiveCfg = Debug|Any CPU
		{55CFC574-F361-8AB5-1ACC-D258D06B4BFD}.Debug|Any CPU.Build.0 = Debug|Any CPU
		{55CFC574-F361-8AB5-1ACC-D258D06B4BFD}.Release|Any CPU.ActiveCfg = Release|Any CPU
		{55CFC574-F361-8AB5-1ACC-D258D06B4BFD}.Release|Any CPU.Build.0 = Release|Any CPU
	EndGlobalSection
	GlobalSection(SolutionProperties) = preSolution
		HideSolutionNode = FALSE
	EndGlobalSection
	GlobalSection(NestedProjects) = preSolution
		{0C147D36-52A5-47E3-AF15-586B399AF88A} = {02EA681E-C7D8-13C7-8484-4AC65E1B71E8}
		{19A9E025-7A35-46E8-8C96-9DF86307F2DF} = {7BB2C9AE-B96D-4D99-BF2A-3F36AF2D7FBB}
		{A4A24C92-0F61-4C01-B859-64C317098740} = {F81E0D16-7458-4654-8825-BCB9A3DB315B}
		{FA87C8DA-81C2-4CF2-AD15-C1A080CF6DEE} = {5D729DB6-608D-4722-886A-C524911232D2}
		{CB32CD28-36A1-4620-8D81-E27ED66ADBD3} = {5D729DB6-608D-4722-886A-C524911232D2}
		{3BC11E5D-131E-4E50-B842-38AE4EC118C1} = {F81E0D16-7458-4654-8825-BCB9A3DB315B}
		{55CFC574-F361-8AB5-1ACC-D258D06B4BFD} = {F81E0D16-7458-4654-8825-BCB9A3DB315B}
	EndGlobalSection
	GlobalSection(ExtensibilityGlobals) = postSolution
		SolutionGuid = {951189AD-A821-491D-A85C-672083531732}
	EndGlobalSection
EndGlobal
